
Microsoft Visual Studio Solution File, Format Version 12.00
# Visual Studio Version 16
VisualStudioVersion = 16.0.30406.217
MinimumVisualStudioVersion = 10.0.40219.1
Project("{FAE04EC0-301F-11D3-BF4B-00C04F79EFBC}") = "PL.Console", "Task_7.1.1\PL.Console.csproj", "{27C6AB8D-AF98-4633-8401-8BF00DA39522}"
EndProject
Project("{2150E333-8FDC-42A3-9474-1A3956D46DE8}") = "BLL", "BLL", "{49186F9D-BA47-425C-8E74-831592662D19}"
EndProject
Project("{FAE04EC0-301F-11D3-BF4B-00C04F79EFBC}") = "User.Bll", "User.Bll\User.Bll.csproj", "{14F765ED-3803-4226-ABA8-06C21C5CA96E}"
EndProject
Project("{FAE04EC0-301F-11D3-BF4B-00C04F79EFBC}") = "Entites", "User.Entites\Entites.csproj", "{7F14A71F-D660-40D8-B4B3-956EDC7F5FE1}"
EndProject
Project("{2150E333-8FDC-42A3-9474-1A3956D46DE8}") = "Common", "Common", "{170D82E0-B4CF-4689-913F-080505450A35}"
EndProject
Project("{2150E333-8FDC-42A3-9474-1A3956D46DE8}") = "DAL", "DAL", "{B814A456-6B5E-4BDB-8399-4CEAE0D3F38E}"
EndProject
Project("{FAE04EC0-301F-11D3-BF4B-00C04F79EFBC}") = "User.Award.DAL", "DALL\User.Award.DAL.csproj", "{EADD18DF-FB41-4E13-85C2-EA404D24347E}"
EndProject
Project("{FAE04EC0-301F-11D3-BF4B-00C04F79EFBC}") = "BLL.Common", "BLL.Common\BLL.Common.csproj", "{5F24605E-BF70-4C18-87E4-A4BCA31F8DB2}"
EndProject
Project("{FAE04EC0-301F-11D3-BF4B-00C04F79EFBC}") = "User.BLL.Dependencies", "User.BLL.Dependencies\User.BLL.Dependencies.csproj", "{4D839DFB-4B62-4DB4-B799-2F6C29898FD5}"
EndProject
Project("{FAE04EC0-301F-11D3-BF4B-00C04F79EFBC}") = "DAL.Common", "DLL.Common\DAL.Common.csproj", "{263BA475-BA51-482D-AB31-E4F7D43BBA5D}"
EndProject
Project("{FAE04EC0-301F-11D3-BF4B-00C04F79EFBC}") = "User.DLL.Dependencies", "User.DLL.Dependencies\User.DLL.Dependencies.csproj", "{3E854CA4-15A7-4DD8-9725-EC5EE3860DAB}"
EndProject
Project("{2150E333-8FDC-42A3-9474-1A3956D46DE8}") = "PL", "PL", "{B7E94629-DBD3-4A94-B148-549C2E242827}"
EndProject
Project("{FAE04EC0-301F-11D3-BF4B-00C04F79EFBC}") = "PL.Common", "PL.Common\PL.Common.csproj", "{46E9FF9A-0EA1-44F6-93E4-ACD18CB464C6}"
EndProject
Project("{FAE04EC0-301F-11D3-BF4B-00C04F79EFBC}") = "PL.Dependencies", "PL.Dependencies\PL.Dependencies.csproj", "{CC21295E-BE2B-43F3-83BF-7A258E790DFE}"
EndProject
Global
	GlobalSection(SolutionConfigurationPlatforms) = preSolution
		Debug|Any CPU = Debug|Any CPU
		Release|Any CPU = Release|Any CPU
	EndGlobalSection
	GlobalSection(ProjectConfigurationPlatforms) = postSolution
		{27C6AB8D-AF98-4633-8401-8BF00DA39522}.Debug|Any CPU.ActiveCfg = Debug|Any CPU
		{27C6AB8D-AF98-4633-8401-8BF00DA39522}.Debug|Any CPU.Build.0 = Debug|Any CPU
		{27C6AB8D-AF98-4633-8401-8BF00DA39522}.Release|Any CPU.ActiveCfg = Release|Any CPU
		{27C6AB8D-AF98-4633-8401-8BF00DA39522}.Release|Any CPU.Build.0 = Release|Any CPU
		{14F765ED-3803-4226-ABA8-06C21C5CA96E}.Debug|Any CPU.ActiveCfg = Debug|Any CPU
		{14F765ED-3803-4226-ABA8-06C21C5CA96E}.Debug|Any CPU.Build.0 = Debug|Any CPU
		{14F765ED-3803-4226-ABA8-06C21C5CA96E}.Release|Any CPU.ActiveCfg = Release|Any CPU
		{14F765ED-3803-4226-ABA8-06C21C5CA96E}.Release|Any CPU.Build.0 = Release|Any CPU
		{7F14A71F-D660-40D8-B4B3-956EDC7F5FE1}.Debug|Any CPU.ActiveCfg = Debug|Any CPU
		{7F14A71F-D660-40D8-B4B3-956EDC7F5FE1}.Debug|Any CPU.Build.0 = Debug|Any CPU
		{7F14A71F-D660-40D8-B4B3-956EDC7F5FE1}.Release|Any CPU.ActiveCfg = Release|Any CPU
		{7F14A71F-D660-40D8-B4B3-956EDC7F5FE1}.Release|Any CPU.Build.0 = Release|Any CPU
		{EADD18DF-FB41-4E13-85C2-EA404D24347E}.Debug|Any CPU.ActiveCfg = Debug|Any CPU
		{EADD18DF-FB41-4E13-85C2-EA404D24347E}.Debug|Any CPU.Build.0 = Debug|Any CPU
		{EADD18DF-FB41-4E13-85C2-EA404D24347E}.Release|Any CPU.ActiveCfg = Release|Any CPU
		{EADD18DF-FB41-4E13-85C2-EA404D24347E}.Release|Any CPU.Build.0 = Release|Any CPU
		{5F24605E-BF70-4C18-87E4-A4BCA31F8DB2}.Debug|Any CPU.ActiveCfg = Debug|Any CPU
		{5F24605E-BF70-4C18-87E4-A4BCA31F8DB2}.Debug|Any CPU.Build.0 = Debug|Any CPU
		{5F24605E-BF70-4C18-87E4-A4BCA31F8DB2}.Release|Any CPU.ActiveCfg = Release|Any CPU
		{5F24605E-BF70-4C18-87E4-A4BCA31F8DB2}.Release|Any CPU.Build.0 = Release|Any CPU
		{4D839DFB-4B62-4DB4-B799-2F6C29898FD5}.Debug|Any CPU.ActiveCfg = Debug|Any CPU
		{4D839DFB-4B62-4DB4-B799-2F6C29898FD5}.Debug|Any CPU.Build.0 = Debug|Any CPU
		{4D839DFB-4B62-4DB4-B799-2F6C29898FD5}.Release|Any CPU.ActiveCfg = Release|Any CPU
		{4D839DFB-4B62-4DB4-B799-2F6C29898FD5}.Release|Any CPU.Build.0 = Release|Any CPU
		{263BA475-BA51-482D-AB31-E4F7D43BBA5D}.Debug|Any CPU.ActiveCfg = Debug|Any CPU
		{263BA475-BA51-482D-AB31-E4F7D43BBA5D}.Debug|Any CPU.Build.0 = Debug|Any CPU
		{263BA475-BA51-482D-AB31-E4F7D43BBA5D}.Release|Any CPU.ActiveCfg = Release|Any CPU
		{263BA475-BA51-482D-AB31-E4F7D43BBA5D}.Release|Any CPU.Build.0 = Release|Any CPU
		{3E854CA4-15A7-4DD8-9725-EC5EE3860DAB}.Debug|Any CPU.ActiveCfg = Debug|Any CPU
		{3E854CA4-15A7-4DD8-9725-EC5EE3860DAB}.Debug|Any CPU.Build.0 = Debug|Any CPU
		{3E854CA4-15A7-4DD8-9725-EC5EE3860DAB}.Release|Any CPU.ActiveCfg = Release|Any CPU
		{3E854CA4-15A7-4DD8-9725-EC5EE3860DAB}.Release|Any CPU.Build.0 = Release|Any CPU
		{46E9FF9A-0EA1-44F6-93E4-ACD18CB464C6}.Debug|Any CPU.ActiveCfg = Debug|Any CPU
		{46E9FF9A-0EA1-44F6-93E4-ACD18CB464C6}.Debug|Any CPU.Build.0 = Debug|Any CPU
		{46E9FF9A-0EA1-44F6-93E4-ACD18CB464C6}.Release|Any CPU.ActiveCfg = Release|Any CPU
		{46E9FF9A-0EA1-44F6-93E4-ACD18CB464C6}.Release|Any CPU.Build.0 = Release|Any CPU
		{CC21295E-BE2B-43F3-83BF-7A258E790DFE}.Debug|Any CPU.ActiveCfg = Debug|Any CPU
		{CC21295E-BE2B-43F3-83BF-7A258E790DFE}.Debug|Any CPU.Build.0 = Debug|Any CPU
		{CC21295E-BE2B-43F3-83BF-7A258E790DFE}.Release|Any CPU.ActiveCfg = Release|Any CPU
		{CC21295E-BE2B-43F3-83BF-7A258E790DFE}.Release|Any CPU.Build.0 = Release|Any CPU
	EndGlobalSection
	GlobalSection(SolutionProperties) = preSolution
		HideSolutionNode = FALSE
	EndGlobalSection
	GlobalSection(NestedProjects) = preSolution
		{27C6AB8D-AF98-4633-8401-8BF00DA39522} = {B7E94629-DBD3-4A94-B148-549C2E242827}
		{14F765ED-3803-4226-ABA8-06C21C5CA96E} = {49186F9D-BA47-425C-8E74-831592662D19}
		{7F14A71F-D660-40D8-B4B3-956EDC7F5FE1} = {170D82E0-B4CF-4689-913F-080505450A35}
		{EADD18DF-FB41-4E13-85C2-EA404D24347E} = {B814A456-6B5E-4BDB-8399-4CEAE0D3F38E}
		{5F24605E-BF70-4C18-87E4-A4BCA31F8DB2} = {49186F9D-BA47-425C-8E74-831592662D19}
		{4D839DFB-4B62-4DB4-B799-2F6C29898FD5} = {49186F9D-BA47-425C-8E74-831592662D19}
		{263BA475-BA51-482D-AB31-E4F7D43BBA5D} = {B814A456-6B5E-4BDB-8399-4CEAE0D3F38E}
		{3E854CA4-15A7-4DD8-9725-EC5EE3860DAB} = {B814A456-6B5E-4BDB-8399-4CEAE0D3F38E}
		{46E9FF9A-0EA1-44F6-93E4-ACD18CB464C6} = {B7E94629-DBD3-4A94-B148-549C2E242827}
		{CC21295E-BE2B-43F3-83BF-7A258E790DFE} = {B7E94629-DBD3-4A94-B148-549C2E242827}
	EndGlobalSection
	GlobalSection(ExtensibilityGlobals) = postSolution
		SolutionGuid = {C8203C64-60D8-4AEB-8FC5-B650AED68028}
	EndGlobalSection
EndGlobal
