
Microsoft Visual Studio Solution File, Format Version 12.00
# Visual Studio Version 16
VisualStudioVersion = 16.0.30406.217
MinimumVisualStudioVersion = 10.0.40219.1
Project("{FAE04EC0-301F-11D3-BF4B-00C04F79EFBC}") = "Football_manager", "Football_manager\Football_manager.csproj", "{D2964DE0-B0B6-4C88-958D-E2165E57C771}"
EndProject
Project("{2150E333-8FDC-42A3-9474-1A3956D46DE8}") = "BLL", "BLL", "{AD13ECB4-8E2B-406F-939C-4D72F5510032}"
EndProject
Project("{2150E333-8FDC-42A3-9474-1A3956D46DE8}") = "DAL", "DAL", "{1CB4D7BD-4985-48D1-8D92-27F3E22AE0E7}"
EndProject
Project("{2150E333-8FDC-42A3-9474-1A3956D46DE8}") = "Common", "Common", "{FDBDE7E2-B36F-40FE-839A-7252D760583E}"
EndProject
Project("{2150E333-8FDC-42A3-9474-1A3956D46DE8}") = "PL", "PL", "{BEA8C5EA-64ED-4CC5-9545-8F23DEFAB36E}"
EndProject
Project("{FAE04EC0-301F-11D3-BF4B-00C04F79EFBC}") = "Entites", "Players\Entites.csproj", "{CFD99D35-3D5E-49F7-828F-DA4B0605C751}"
EndProject
Project("{FAE04EC0-301F-11D3-BF4B-00C04F79EFBC}") = "DAL.Coach", "Coach\DAL.Coach.csproj", "{4C478CFA-6BBB-4A62-BA7E-4FBE6C84B0FF}"
EndProject
Project("{FAE04EC0-301F-11D3-BF4B-00C04F79EFBC}") = "DAL.Common", "ICoach\DAL.Common.csproj", "{2A98163D-3424-40A9-AC76-DDC87EC122DF}"
EndProject
Project("{FAE04EC0-301F-11D3-BF4B-00C04F79EFBC}") = "BLL.Coach", "Coach.BLL\BLL.Coach.csproj", "{14BA6215-0879-4D82-B6BB-ABF1AF52E4B6}"
EndProject
Project("{FAE04EC0-301F-11D3-BF4B-00C04F79EFBC}") = "Prog", "Prog\Prog.csproj", "{EED3A5ED-7BF4-4EB9-BE8F-C3A13F504973}"
EndProject
Project("{FAE04EC0-301F-11D3-BF4B-00C04F79EFBC}") = "DAL.Dependencies", "CoachDALDependencies\DAL.Dependencies.csproj", "{FD0A902D-7299-48F2-9A3E-9ECE7ABD96DE}"
EndProject
Project("{FAE04EC0-301F-11D3-BF4B-00C04F79EFBC}") = "BLL.Common", "BLL.Common\BLL.Common.csproj", "{8C8E7A9A-CFA2-4298-BF70-85B59BE5387A}"
EndProject
Project("{FAE04EC0-301F-11D3-BF4B-00C04F79EFBC}") = "BLL.Dependencies", "BLL.Dependencies\BLL.Dependencies.csproj", "{E2B0989A-C2A5-4965-ABC2-191DC203BA51}"
EndProject
Global
	GlobalSection(SolutionConfigurationPlatforms) = preSolution
		Debug|Any CPU = Debug|Any CPU
		Release|Any CPU = Release|Any CPU
	EndGlobalSection
	GlobalSection(ProjectConfigurationPlatforms) = postSolution
		{D2964DE0-B0B6-4C88-958D-E2165E57C771}.Debug|Any CPU.ActiveCfg = Debug|Any CPU
		{D2964DE0-B0B6-4C88-958D-E2165E57C771}.Debug|Any CPU.Build.0 = Debug|Any CPU
		{D2964DE0-B0B6-4C88-958D-E2165E57C771}.Release|Any CPU.ActiveCfg = Release|Any CPU
		{D2964DE0-B0B6-4C88-958D-E2165E57C771}.Release|Any CPU.Build.0 = Release|Any CPU
		{CFD99D35-3D5E-49F7-828F-DA4B0605C751}.Debug|Any CPU.ActiveCfg = Debug|Any CPU
		{CFD99D35-3D5E-49F7-828F-DA4B0605C751}.Debug|Any CPU.Build.0 = Debug|Any CPU
		{CFD99D35-3D5E-49F7-828F-DA4B0605C751}.Release|Any CPU.ActiveCfg = Release|Any CPU
		{CFD99D35-3D5E-49F7-828F-DA4B0605C751}.Release|Any CPU.Build.0 = Release|Any CPU
		{4C478CFA-6BBB-4A62-BA7E-4FBE6C84B0FF}.Debug|Any CPU.ActiveCfg = Debug|Any CPU
		{4C478CFA-6BBB-4A62-BA7E-4FBE6C84B0FF}.Debug|Any CPU.Build.0 = Debug|Any CPU
		{4C478CFA-6BBB-4A62-BA7E-4FBE6C84B0FF}.Release|Any CPU.ActiveCfg = Release|Any CPU
		{4C478CFA-6BBB-4A62-BA7E-4FBE6C84B0FF}.Release|Any CPU.Build.0 = Release|Any CPU
		{2A98163D-3424-40A9-AC76-DDC87EC122DF}.Debug|Any CPU.ActiveCfg = Debug|Any CPU
		{2A98163D-3424-40A9-AC76-DDC87EC122DF}.Debug|Any CPU.Build.0 = Debug|Any CPU
		{2A98163D-3424-40A9-AC76-DDC87EC122DF}.Release|Any CPU.ActiveCfg = Release|Any CPU
		{2A98163D-3424-40A9-AC76-DDC87EC122DF}.Release|Any CPU.Build.0 = Release|Any CPU
		{14BA6215-0879-4D82-B6BB-ABF1AF52E4B6}.Debug|Any CPU.ActiveCfg = Debug|Any CPU
		{14BA6215-0879-4D82-B6BB-ABF1AF52E4B6}.Debug|Any CPU.Build.0 = Debug|Any CPU
		{14BA6215-0879-4D82-B6BB-ABF1AF52E4B6}.Release|Any CPU.ActiveCfg = Release|Any CPU
		{14BA6215-0879-4D82-B6BB-ABF1AF52E4B6}.Release|Any CPU.Build.0 = Release|Any CPU
		{EED3A5ED-7BF4-4EB9-BE8F-C3A13F504973}.Debug|Any CPU.ActiveCfg = Debug|Any CPU
		{EED3A5ED-7BF4-4EB9-BE8F-C3A13F504973}.Debug|Any CPU.Build.0 = Debug|Any CPU
		{EED3A5ED-7BF4-4EB9-BE8F-C3A13F504973}.Release|Any CPU.ActiveCfg = Release|Any CPU
		{EED3A5ED-7BF4-4EB9-BE8F-C3A13F504973}.Release|Any CPU.Build.0 = Release|Any CPU
		{FD0A902D-7299-48F2-9A3E-9ECE7ABD96DE}.Debug|Any CPU.ActiveCfg = Debug|Any CPU
		{FD0A902D-7299-48F2-9A3E-9ECE7ABD96DE}.Debug|Any CPU.Build.0 = Debug|Any CPU
		{FD0A902D-7299-48F2-9A3E-9ECE7ABD96DE}.Release|Any CPU.ActiveCfg = Release|Any CPU
		{FD0A902D-7299-48F2-9A3E-9ECE7ABD96DE}.Release|Any CPU.Build.0 = Release|Any CPU
		{8C8E7A9A-CFA2-4298-BF70-85B59BE5387A}.Debug|Any CPU.ActiveCfg = Debug|Any CPU
		{8C8E7A9A-CFA2-4298-BF70-85B59BE5387A}.Debug|Any CPU.Build.0 = Debug|Any CPU
		{8C8E7A9A-CFA2-4298-BF70-85B59BE5387A}.Release|Any CPU.ActiveCfg = Release|Any CPU
		{8C8E7A9A-CFA2-4298-BF70-85B59BE5387A}.Release|Any CPU.Build.0 = Release|Any CPU
		{E2B0989A-C2A5-4965-ABC2-191DC203BA51}.Debug|Any CPU.ActiveCfg = Debug|Any CPU
		{E2B0989A-C2A5-4965-ABC2-191DC203BA51}.Debug|Any CPU.Build.0 = Debug|Any CPU
		{E2B0989A-C2A5-4965-ABC2-191DC203BA51}.Release|Any CPU.ActiveCfg = Release|Any CPU
		{E2B0989A-C2A5-4965-ABC2-191DC203BA51}.Release|Any CPU.Build.0 = Release|Any CPU
	EndGlobalSection
	GlobalSection(SolutionProperties) = preSolution
		HideSolutionNode = FALSE
	EndGlobalSection
	GlobalSection(NestedProjects) = preSolution
		{D2964DE0-B0B6-4C88-958D-E2165E57C771} = {BEA8C5EA-64ED-4CC5-9545-8F23DEFAB36E}
		{CFD99D35-3D5E-49F7-828F-DA4B0605C751} = {FDBDE7E2-B36F-40FE-839A-7252D760583E}
		{4C478CFA-6BBB-4A62-BA7E-4FBE6C84B0FF} = {1CB4D7BD-4985-48D1-8D92-27F3E22AE0E7}
		{2A98163D-3424-40A9-AC76-DDC87EC122DF} = {1CB4D7BD-4985-48D1-8D92-27F3E22AE0E7}
		{14BA6215-0879-4D82-B6BB-ABF1AF52E4B6} = {AD13ECB4-8E2B-406F-939C-4D72F5510032}
		{FD0A902D-7299-48F2-9A3E-9ECE7ABD96DE} = {1CB4D7BD-4985-48D1-8D92-27F3E22AE0E7}
		{8C8E7A9A-CFA2-4298-BF70-85B59BE5387A} = {AD13ECB4-8E2B-406F-939C-4D72F5510032}
		{E2B0989A-C2A5-4965-ABC2-191DC203BA51} = {AD13ECB4-8E2B-406F-939C-4D72F5510032}
	EndGlobalSection
	GlobalSection(ExtensibilityGlobals) = postSolution
		SolutionGuid = {CD9B55EE-6B71-4FB0-85C7-4CC18B314131}
	EndGlobalSection
EndGlobal
